
Microsoft Visual Studio Solution File, Format Version 12.00
# Visual Studio Version 17
VisualStudioVersion = 17.0.31919.166
MinimumVisualStudioVersion = 10.0.40219.1
Project("{9A19103F-16F7-4668-BE54-9A1E7A4F7556}") = "DCB", "DCB\DCB.csproj", "{2F519039-F22B-4926-B06E-4999455DA583}"
EndProject
Project("{2150E333-8FDC-42A3-9474-1A3956D46DE8}") = "Solution Items", "Solution Items", "{C1548132-4747-4744-BE10-28F7A6AEF545}"
	ProjectSection(SolutionItems) = preProject
		..\.github\dependabot.yml = ..\.github\dependabot.yml
		..\.github\workflows\dotnet.yml = ..\.github\workflows\dotnet.yml
		..\GitVersion.yml = ..\GitVersion.yml
	EndProjectSection
EndProject
Project("{9A19103F-16F7-4668-BE54-9A1E7A4F7556}") = "DCB.Tests", "DCB.Tests\DCB.Tests.csproj", "{38004B0B-EE26-4871-8A76-30653C8E356B}"
EndProject
Global
	GlobalSection(SolutionConfigurationPlatforms) = preSolution
		Debug|Any CPU = Debug|Any CPU
		Release|Any CPU = Release|Any CPU
	EndGlobalSection
	GlobalSection(ProjectConfigurationPlatforms) = postSolution
		{2F519039-F22B-4926-B06E-4999455DA583}.Debug|Any CPU.ActiveCfg = Debug|Any CPU
		{2F519039-F22B-4926-B06E-4999455DA583}.Debug|Any CPU.Build.0 = Debug|Any CPU
		{2F519039-F22B-4926-B06E-4999455DA583}.Release|Any CPU.ActiveCfg = Release|Any CPU
		{2F519039-F22B-4926-B06E-4999455DA583}.Release|Any CPU.Build.0 = Release|Any CPU
		{38004B0B-EE26-4871-8A76-30653C8E356B}.Debug|Any CPU.ActiveCfg = Debug|Any CPU
		{38004B0B-EE26-4871-8A76-30653C8E356B}.Debug|Any CPU.Build.0 = Debug|Any CPU
		{38004B0B-EE26-4871-8A76-30653C8E356B}.Release|Any CPU.ActiveCfg = Release|Any CPU
		{38004B0B-EE26-4871-8A76-30653C8E356B}.Release|Any CPU.Build.0 = Release|Any CPU
	EndGlobalSection
	GlobalSection(SolutionProperties) = preSolution
		HideSolutionNode = FALSE
	EndGlobalSection
	GlobalSection(ExtensibilityGlobals) = postSolution
		SolutionGuid = {7C12A1EF-8F22-4F40-9BEC-E02499A50EBC}
	EndGlobalSection
EndGlobal
